
Microsoft Visual Studio Solution File, Format Version 12.00
# Visual Studio 15
VisualStudioVersion = 15.0.26124.0
MinimumVisualStudioVersion = 15.0.26124.0
Project("{2150E333-8FDC-42A3-9474-1A3956D46DE8}") = "main", "main", "{A1BB10A9-17F2-4038-AC80-07175BFC3E36}"
EndProject
Project("{FAE04EC0-301F-11D3-BF4B-00C04F79EFBC}") = "Store.Api", "main\Store.Api\Store.Api.csproj", "{A34DBC06-E12F-4FD4-932F-C1905A453DC3}"
EndProject
Project("{FAE04EC0-301F-11D3-BF4B-00C04F79EFBC}") = "Store.Core", "main\Store.Core\Store.Core.csproj", "{09CEC1A6-B88E-473B-875F-A7AA21417154}"
EndProject
Project("{FAE04EC0-301F-11D3-BF4B-00C04F79EFBC}") = "Store.Infrastructure", "main\Store.Infrastructure\Store.Infrastructure.csproj", "{F8D5ED03-51A5-40F0-8A14-39AA248CCEF6}"
EndProject
Project("{FAE04EC0-301F-11D3-BF4B-00C04F79EFBC}") = "Store.Domain", "main\Store.Domain\Store.Domain.csproj", "{1062FF46-A7EB-49FF-B820-6165DBC00D16}"
EndProject
Global
	GlobalSection(SolutionConfigurationPlatforms) = preSolution
		Debug|Any CPU = Debug|Any CPU
		Debug|x64 = Debug|x64
		Debug|x86 = Debug|x86
		Release|Any CPU = Release|Any CPU
		Release|x64 = Release|x64
		Release|x86 = Release|x86
	EndGlobalSection
	GlobalSection(SolutionProperties) = preSolution
		HideSolutionNode = FALSE
	EndGlobalSection
	GlobalSection(ProjectConfigurationPlatforms) = postSolution
		{A34DBC06-E12F-4FD4-932F-C1905A453DC3}.Debug|Any CPU.ActiveCfg = Debug|Any CPU
		{A34DBC06-E12F-4FD4-932F-C1905A453DC3}.Debug|Any CPU.Build.0 = Debug|Any CPU
		{A34DBC06-E12F-4FD4-932F-C1905A453DC3}.Debug|x64.ActiveCfg = Debug|Any CPU
		{A34DBC06-E12F-4FD4-932F-C1905A453DC3}.Debug|x64.Build.0 = Debug|Any CPU
		{A34DBC06-E12F-4FD4-932F-C1905A453DC3}.Debug|x86.ActiveCfg = Debug|Any CPU
		{A34DBC06-E12F-4FD4-932F-C1905A453DC3}.Debug|x86.Build.0 = Debug|Any CPU
		{A34DBC06-E12F-4FD4-932F-C1905A453DC3}.Release|Any CPU.ActiveCfg = Release|Any CPU
		{A34DBC06-E12F-4FD4-932F-C1905A453DC3}.Release|Any CPU.Build.0 = Release|Any CPU
		{A34DBC06-E12F-4FD4-932F-C1905A453DC3}.Release|x64.ActiveCfg = Release|Any CPU
		{A34DBC06-E12F-4FD4-932F-C1905A453DC3}.Release|x64.Build.0 = Release|Any CPU
		{A34DBC06-E12F-4FD4-932F-C1905A453DC3}.Release|x86.ActiveCfg = Release|Any CPU
		{A34DBC06-E12F-4FD4-932F-C1905A453DC3}.Release|x86.Build.0 = Release|Any CPU
		{09CEC1A6-B88E-473B-875F-A7AA21417154}.Debug|Any CPU.ActiveCfg = Debug|Any CPU
		{09CEC1A6-B88E-473B-875F-A7AA21417154}.Debug|Any CPU.Build.0 = Debug|Any CPU
		{09CEC1A6-B88E-473B-875F-A7AA21417154}.Debug|x64.ActiveCfg = Debug|Any CPU
		{09CEC1A6-B88E-473B-875F-A7AA21417154}.Debug|x64.Build.0 = Debug|Any CPU
		{09CEC1A6-B88E-473B-875F-A7AA21417154}.Debug|x86.ActiveCfg = Debug|Any CPU
		{09CEC1A6-B88E-473B-875F-A7AA21417154}.Debug|x86.Build.0 = Debug|Any CPU
		{09CEC1A6-B88E-473B-875F-A7AA21417154}.Release|Any CPU.ActiveCfg = Release|Any CPU
		{09CEC1A6-B88E-473B-875F-A7AA21417154}.Release|Any CPU.Build.0 = Release|Any CPU
		{09CEC1A6-B88E-473B-875F-A7AA21417154}.Release|x64.ActiveCfg = Release|Any CPU
		{09CEC1A6-B88E-473B-875F-A7AA21417154}.Release|x64.Build.0 = Release|Any CPU
		{09CEC1A6-B88E-473B-875F-A7AA21417154}.Release|x86.ActiveCfg = Release|Any CPU
		{09CEC1A6-B88E-473B-875F-A7AA21417154}.Release|x86.Build.0 = Release|Any CPU
		{F8D5ED03-51A5-40F0-8A14-39AA248CCEF6}.Debug|Any CPU.ActiveCfg = Debug|Any CPU
		{F8D5ED03-51A5-40F0-8A14-39AA248CCEF6}.Debug|Any CPU.Build.0 = Debug|Any CPU
		{F8D5ED03-51A5-40F0-8A14-39AA248CCEF6}.Debug|x64.ActiveCfg = Debug|Any CPU
		{F8D5ED03-51A5-40F0-8A14-39AA248CCEF6}.Debug|x64.Build.0 = Debug|Any CPU
		{F8D5ED03-51A5-40F0-8A14-39AA248CCEF6}.Debug|x86.ActiveCfg = Debug|Any CPU
		{F8D5ED03-51A5-40F0-8A14-39AA248CCEF6}.Debug|x86.Build.0 = Debug|Any CPU
		{F8D5ED03-51A5-40F0-8A14-39AA248CCEF6}.Release|Any CPU.ActiveCfg = Release|Any CPU
		{F8D5ED03-51A5-40F0-8A14-39AA248CCEF6}.Release|Any CPU.Build.0 = Release|Any CPU
		{F8D5ED03-51A5-40F0-8A14-39AA248CCEF6}.Release|x64.ActiveCfg = Release|Any CPU
		{F8D5ED03-51A5-40F0-8A14-39AA248CCEF6}.Release|x64.Build.0 = Release|Any CPU
		{F8D5ED03-51A5-40F0-8A14-39AA248CCEF6}.Release|x86.ActiveCfg = Release|Any CPU
		{F8D5ED03-51A5-40F0-8A14-39AA248CCEF6}.Release|x86.Build.0 = Release|Any CPU
		{1062FF46-A7EB-49FF-B820-6165DBC00D16}.Debug|Any CPU.ActiveCfg = Debug|Any CPU
		{1062FF46-A7EB-49FF-B820-6165DBC00D16}.Debug|Any CPU.Build.0 = Debug|Any CPU
		{1062FF46-A7EB-49FF-B820-6165DBC00D16}.Debug|x64.ActiveCfg = Debug|Any CPU
		{1062FF46-A7EB-49FF-B820-6165DBC00D16}.Debug|x64.Build.0 = Debug|Any CPU
		{1062FF46-A7EB-49FF-B820-6165DBC00D16}.Debug|x86.ActiveCfg = Debug|Any CPU
		{1062FF46-A7EB-49FF-B820-6165DBC00D16}.Debug|x86.Build.0 = Debug|Any CPU
		{1062FF46-A7EB-49FF-B820-6165DBC00D16}.Release|Any CPU.ActiveCfg = Release|Any CPU
		{1062FF46-A7EB-49FF-B820-6165DBC00D16}.Release|Any CPU.Build.0 = Release|Any CPU
		{1062FF46-A7EB-49FF-B820-6165DBC00D16}.Release|x64.ActiveCfg = Release|Any CPU
		{1062FF46-A7EB-49FF-B820-6165DBC00D16}.Release|x64.Build.0 = Release|Any CPU
		{1062FF46-A7EB-49FF-B820-6165DBC00D16}.Release|x86.ActiveCfg = Release|Any CPU
		{1062FF46-A7EB-49FF-B820-6165DBC00D16}.Release|x86.Build.0 = Release|Any CPU
	EndGlobalSection
	GlobalSection(NestedProjects) = preSolution
		{A34DBC06-E12F-4FD4-932F-C1905A453DC3} = {A1BB10A9-17F2-4038-AC80-07175BFC3E36}
		{09CEC1A6-B88E-473B-875F-A7AA21417154} = {A1BB10A9-17F2-4038-AC80-07175BFC3E36}
		{F8D5ED03-51A5-40F0-8A14-39AA248CCEF6} = {A1BB10A9-17F2-4038-AC80-07175BFC3E36}
		{1062FF46-A7EB-49FF-B820-6165DBC00D16} = {A1BB10A9-17F2-4038-AC80-07175BFC3E36}
	EndGlobalSection
EndGlobal
